
Microsoft Visual Studio Solution File, Format Version 12.00
# Visual Studio 15
Project("{FAE04EC0-301F-11D3-BF4B-00C04F79EFBC}") = "Assembly-CSharp", "Assembly-CSharp.csproj", "{9A369822-E360-3638-30F2-0D5629C38F27}"
EndProject
Project("{FAE04EC0-301F-11D3-BF4B-00C04F79EFBC}") = "Assembly-CSharp-Editor-firstpass", "Assembly-CSharp-Editor-firstpass.csproj", "{C24032F9-99D8-C918-20CA-D4A151DD1C90}"
EndProject
Global
	GlobalSection(SolutionConfigurationPlatforms) = preSolution
		Debug|Any CPU = Debug|Any CPU
		Release|Any CPU = Release|Any CPU
	EndGlobalSection
	GlobalSection(ProjectConfigurationPlatforms) = postSolution
		{9A369822-E360-3638-30F2-0D5629C38F27}.Debug|Any CPU.ActiveCfg = Debug|Any CPU
		{9A369822-E360-3638-30F2-0D5629C38F27}.Debug|Any CPU.Build.0 = Debug|Any CPU
		{9A369822-E360-3638-30F2-0D5629C38F27}.Release|Any CPU.ActiveCfg = Release|Any CPU
		{9A369822-E360-3638-30F2-0D5629C38F27}.Release|Any CPU.Build.0 = Release|Any CPU
		{C24032F9-99D8-C918-20CA-D4A151DD1C90}.Debug|Any CPU.ActiveCfg = Debug|Any CPU
		{C24032F9-99D8-C918-20CA-D4A151DD1C90}.Debug|Any CPU.Build.0 = Debug|Any CPU
		{C24032F9-99D8-C918-20CA-D4A151DD1C90}.Release|Any CPU.ActiveCfg = Release|Any CPU
		{C24032F9-99D8-C918-20CA-D4A151DD1C90}.Release|Any CPU.Build.0 = Release|Any CPU
	EndGlobalSection
	GlobalSection(SolutionProperties) = preSolution
		HideSolutionNode = FALSE
	EndGlobalSection
EndGlobal
